// !$*UTF8*$!
{
	archiveVersion = 1;
	classes = {
	};
	objectVersion = 55;
	objects = {

/* Begin PBXBuildFile section */
		228FB4472731927500A6D477 /* SignInView.swift in Sources */ = {isa = PBXBuildFile; fileRef = 228FB4462731927500A6D477 /* SignInView.swift */; };
		228FB4492731928500A6D477 /* LoginView.swift in Sources */ = {isa = PBXBuildFile; fileRef = 228FB4482731928500A6D477 /* LoginView.swift */; };
		228FB44B273192C400A6D477 /* GameHomePageView.swift in Sources */ = {isa = PBXBuildFile; fileRef = 228FB44A273192C400A6D477 /* GameHomePageView.swift */; };
		228FB44D273192DE00A6D477 /* ShopView.swift in Sources */ = {isa = PBXBuildFile; fileRef = 228FB44C273192DE00A6D477 /* ShopView.swift */; };
		228FB4512731931600A6D477 /* MyPharmacyView.swift in Sources */ = {isa = PBXBuildFile; fileRef = 228FB4502731931600A6D477 /* MyPharmacyView.swift */; };
		228FB4532731932200A6D477 /* UserProfileView.swift in Sources */ = {isa = PBXBuildFile; fileRef = 228FB4522731932200A6D477 /* UserProfileView.swift */; };
		228FB4552731932E00A6D477 /* SettingsView.swift in Sources */ = {isa = PBXBuildFile; fileRef = 228FB4542731932E00A6D477 /* SettingsView.swift */; };
		228FB4572731933900A6D477 /* ViewMedicationsView.swift in Sources */ = {isa = PBXBuildFile; fileRef = 228FB4562731933900A6D477 /* ViewMedicationsView.swift */; };
		AEE68243273181730007A326 /* MedarioApp.swift in Sources */ = {isa = PBXBuildFile; fileRef = AEE68242273181730007A326 /* MedarioApp.swift */; };
		AEE68245273181730007A326 /* ContentView.swift in Sources */ = {isa = PBXBuildFile; fileRef = AEE68244273181730007A326 /* ContentView.swift */; };
		AEE68247273181750007A326 /* Assets.xcassets in Resources */ = {isa = PBXBuildFile; fileRef = AEE68246273181750007A326 /* Assets.xcassets */; };
		AEE6824A273181750007A326 /* Preview Assets.xcassets in Resources */ = {isa = PBXBuildFile; fileRef = AEE68249273181750007A326 /* Preview Assets.xcassets */; };
/* End PBXBuildFile section */

/* Begin PBXFileReference section */
		228FB4462731927500A6D477 /* SignInView.swift */ = {isa = PBXFileReference; lastKnownFileType = sourcecode.swift; path = SignInView.swift; sourceTree = "<group>"; };
		228FB4482731928500A6D477 /* LoginView.swift */ = {isa = PBXFileReference; lastKnownFileType = sourcecode.swift; path = LoginView.swift; sourceTree = "<group>"; };
		228FB44A273192C400A6D477 /* GameHomePageView.swift */ = {isa = PBXFileReference; lastKnownFileType = sourcecode.swift; path = GameHomePageView.swift; sourceTree = "<group>"; };
		228FB44C273192DE00A6D477 /* ShopView.swift */ = {isa = PBXFileReference; lastKnownFileType = sourcecode.swift; path = ShopView.swift; sourceTree = "<group>"; };
		228FB4502731931600A6D477 /* MyPharmacyView.swift */ = {isa = PBXFileReference; lastKnownFileType = sourcecode.swift; path = MyPharmacyView.swift; sourceTree = "<group>"; };
		228FB4522731932200A6D477 /* UserProfileView.swift */ = {isa = PBXFileReference; lastKnownFileType = sourcecode.swift; path = UserProfileView.swift; sourceTree = "<group>"; };
		228FB4542731932E00A6D477 /* SettingsView.swift */ = {isa = PBXFileReference; lastKnownFileType = sourcecode.swift; path = SettingsView.swift; sourceTree = "<group>"; };
		228FB4562731933900A6D477 /* ViewMedicationsView.swift */ = {isa = PBXFileReference; lastKnownFileType = sourcecode.swift; path = ViewMedicationsView.swift; sourceTree = "<group>"; };
		AEE6823F273181730007A326 /* Medario.app */ = {isa = PBXFileReference; explicitFileType = wrapper.application; includeInIndex = 0; path = Medario.app; sourceTree = BUILT_PRODUCTS_DIR; };
		AEE68242273181730007A326 /* MedarioApp.swift */ = {isa = PBXFileReference; lastKnownFileType = sourcecode.swift; path = MedarioApp.swift; sourceTree = "<group>"; };
		AEE68244273181730007A326 /* ContentView.swift */ = {isa = PBXFileReference; lastKnownFileType = sourcecode.swift; path = ContentView.swift; sourceTree = "<group>"; };
		AEE68246273181750007A326 /* Assets.xcassets */ = {isa = PBXFileReference; lastKnownFileType = folder.assetcatalog; path = Assets.xcassets; sourceTree = "<group>"; };
		AEE68249273181750007A326 /* Preview Assets.xcassets */ = {isa = PBXFileReference; lastKnownFileType = folder.assetcatalog; path = "Preview Assets.xcassets"; sourceTree = "<group>"; };
/* End PBXFileReference section */

/* Begin PBXFrameworksBuildPhase section */
		AEE6823C273181730007A326 /* Frameworks */ = {
			isa = PBXFrameworksBuildPhase;
			buildActionMask = 2147483647;
			files = (
			);
			runOnlyForDeploymentPostprocessing = 0;
		};
/* End PBXFrameworksBuildPhase section */

/* Begin PBXGroup section */
		228FB4452731898B00A6D477 /* Views */ = {
			isa = PBXGroup;
			children = (
				AEE68244273181730007A326 /* ContentView.swift */,
				228FB4462731927500A6D477 /* SignInView.swift */,
				228FB4482731928500A6D477 /* LoginView.swift */,
				228FB44A273192C400A6D477 /* GameHomePageView.swift */,
				228FB44C273192DE00A6D477 /* ShopView.swift */,
				228FB4502731931600A6D477 /* MyPharmacyView.swift */,
				228FB4522731932200A6D477 /* UserProfileView.swift */,
				228FB4542731932E00A6D477 /* SettingsView.swift */,
				228FB4562731933900A6D477 /* ViewMedicationsView.swift */,
			);
			path = Views;
			sourceTree = "<group>";
		};
		AEE68236273181730007A326 = {
			isa = PBXGroup;
			children = (
				AEE68241273181730007A326 /* Medario */,
				AEE68240273181730007A326 /* Products */,
			);
			sourceTree = "<group>";
		};
		AEE68240273181730007A326 /* Products */ = {
			isa = PBXGroup;
			children = (
				AEE6823F273181730007A326 /* Medario.app */,
			);
			name = Products;
			sourceTree = "<group>";
		};
		AEE68241273181730007A326 /* Medario */ = {
			isa = PBXGroup;
			children = (
				228FB4452731898B00A6D477 /* Views */,
				AEE68242273181730007A326 /* MedarioApp.swift */,
				AEE68246273181750007A326 /* Assets.xcassets */,
				AEE68248273181750007A326 /* Preview Content */,
			);
			path = Medario;
			sourceTree = "<group>";
		};
		AEE68248273181750007A326 /* Preview Content */ = {
			isa = PBXGroup;
			children = (
				AEE68249273181750007A326 /* Preview Assets.xcassets */,
			);
			path = "Preview Content";
			sourceTree = "<group>";
		};
/* End PBXGroup section */

/* Begin PBXNativeTarget section */
		AEE6823E273181730007A326 /* Medario */ = {
			isa = PBXNativeTarget;
			buildConfigurationList = AEE6824D273181750007A326 /* Build configuration list for PBXNativeTarget "Medario" */;
			buildPhases = (
				AEE6823B273181730007A326 /* Sources */,
				AEE6823C273181730007A326 /* Frameworks */,
				AEE6823D273181730007A326 /* Resources */,
			);
			buildRules = (
			);
			dependencies = (
			);
			name = Medario;
			productName = Medario;
			productReference = AEE6823F273181730007A326 /* Medario.app */;
			productType = "com.apple.product-type.application";
		};
/* End PBXNativeTarget section */

/* Begin PBXProject section */
		AEE68237273181730007A326 /* Project object */ = {
			isa = PBXProject;
			attributes = {
				BuildIndependentTargetsInParallel = 1;
				LastSwiftUpdateCheck = 1310;
				LastUpgradeCheck = 1310;
				TargetAttributes = {
					AEE6823E273181730007A326 = {
						CreatedOnToolsVersion = 13.1;
					};
				};
			};
			buildConfigurationList = AEE6823A273181730007A326 /* Build configuration list for PBXProject "Medario" */;
			compatibilityVersion = "Xcode 13.0";
			developmentRegion = en;
			hasScannedForEncodings = 0;
			knownRegions = (
				en,
				Base,
			);
			mainGroup = AEE68236273181730007A326;
			productRefGroup = AEE68240273181730007A326 /* Products */;
			projectDirPath = "";
			projectRoot = "";
			targets = (
				AEE6823E273181730007A326 /* Medario */,
			);
		};
/* End PBXProject section */

/* Begin PBXResourcesBuildPhase section */
		AEE6823D273181730007A326 /* Resources */ = {
			isa = PBXResourcesBuildPhase;
			buildActionMask = 2147483647;
			files = (
				AEE6824A273181750007A326 /* Preview Assets.xcassets in Resources */,
				AEE68247273181750007A326 /* Assets.xcassets in Resources */,
			);
			runOnlyForDeploymentPostprocessing = 0;
		};
/* End PBXResourcesBuildPhase section */

/* Begin PBXSourcesBuildPhase section */
		AEE6823B273181730007A326 /* Sources */ = {
			isa = PBXSourcesBuildPhase;
			buildActionMask = 2147483647;
			files = (
				228FB4572731933900A6D477 /* ViewMedicationsView.swift in Sources */,
				228FB44D273192DE00A6D477 /* ShopView.swift in Sources */,
				228FB4472731927500A6D477 /* SignInView.swift in Sources */,
				AEE68245273181730007A326 /* ContentView.swift in Sources */,
				228FB4552731932E00A6D477 /* SettingsView.swift in Sources */,
				228FB4532731932200A6D477 /* UserProfileView.swift in Sources */,
				228FB4512731931600A6D477 /* MyPharmacyView.swift in Sources */,
				228FB4492731928500A6D477 /* LoginView.swift in Sources */,
				AEE68243273181730007A326 /* MedarioApp.swift in Sources */,
				228FB44B273192C400A6D477 /* GameHomePageView.swift in Sources */,
			);
			runOnlyForDeploymentPostprocessing = 0;
		};
/* End PBXSourcesBuildPhase section */

/* Begin XCBuildConfiguration section */
		AEE6824B273181750007A326 /* Debug */ = {
			isa = XCBuildConfiguration;
			buildSettings = {
				ALWAYS_SEARCH_USER_PATHS = NO;
				CLANG_ANALYZER_NONNULL = YES;
				CLANG_ANALYZER_NUMBER_OBJECT_CONVERSION = YES_AGGRESSIVE;
				CLANG_CXX_LANGUAGE_STANDARD = "gnu++17";
				CLANG_CXX_LIBRARY = "libc++";
				CLANG_ENABLE_MODULES = YES;
				CLANG_ENABLE_OBJC_ARC = YES;
				CLANG_ENABLE_OBJC_WEAK = YES;
				CLANG_WARN_BLOCK_CAPTURE_AUTORELEASING = YES;
				CLANG_WARN_BOOL_CONVERSION = YES;
				CLANG_WARN_COMMA = YES;
				CLANG_WARN_CONSTANT_CONVERSION = YES;
				CLANG_WARN_DEPRECATED_OBJC_IMPLEMENTATIONS = YES;
				CLANG_WARN_DIRECT_OBJC_ISA_USAGE = YES_ERROR;
				CLANG_WARN_DOCUMENTATION_COMMENTS = YES;
				CLANG_WARN_EMPTY_BODY = YES;
				CLANG_WARN_ENUM_CONVERSION = YES;
				CLANG_WARN_INFINITE_RECURSION = YES;
				CLANG_WARN_INT_CONVERSION = YES;
				CLANG_WARN_NON_LITERAL_NULL_CONVERSION = YES;
				CLANG_WARN_OBJC_IMPLICIT_RETAIN_SELF = YES;
				CLANG_WARN_OBJC_LITERAL_CONVERSION = YES;
				CLANG_WARN_OBJC_ROOT_CLASS = YES_ERROR;
				CLANG_WARN_QUOTED_INCLUDE_IN_FRAMEWORK_HEADER = YES;
				CLANG_WARN_RANGE_LOOP_ANALYSIS = YES;
				CLANG_WARN_STRICT_PROTOTYPES = YES;
				CLANG_WARN_SUSPICIOUS_MOVE = YES;
				CLANG_WARN_UNGUARDED_AVAILABILITY = YES_AGGRESSIVE;
				CLANG_WARN_UNREACHABLE_CODE = YES;
				CLANG_WARN__DUPLICATE_METHOD_MATCH = YES;
				COPY_PHASE_STRIP = NO;
				DEBUG_INFORMATION_FORMAT = dwarf;
				ENABLE_STRICT_OBJC_MSGSEND = YES;
				ENABLE_TESTABILITY = YES;
				GCC_C_LANGUAGE_STANDARD = gnu11;
				GCC_DYNAMIC_NO_PIC = NO;
				GCC_NO_COMMON_BLOCKS = YES;
				GCC_OPTIMIZATION_LEVEL = 0;
				GCC_PREPROCESSOR_DEFINITIONS = (
					"DEBUG=1",
					"$(inherited)",
				);
				GCC_WARN_64_TO_32_BIT_CONVERSION = YES;
				GCC_WARN_ABOUT_RETURN_TYPE = YES_ERROR;
				GCC_WARN_UNDECLARED_SELECTOR = YES;
				GCC_WARN_UNINITIALIZED_AUTOS = YES_AGGRESSIVE;
				GCC_WARN_UNUSED_FUNCTION = YES;
				GCC_WARN_UNUSED_VARIABLE = YES;
				IPHONEOS_DEPLOYMENT_TARGET = 15.0;
				MTL_ENABLE_DEBUG_INFO = INCLUDE_SOURCE;
				MTL_FAST_MATH = YES;
				ONLY_ACTIVE_ARCH = YES;
				SDKROOT = iphoneos;
				SWIFT_ACTIVE_COMPILATION_CONDITIONS = DEBUG;
				SWIFT_OPTIMIZATION_LEVEL = "-Onone";
			};
			name = Debug;
		};
		AEE6824C273181750007A326 /* Release */ = {
			isa = XCBuildConfiguration;
			buildSettings = {
				ALWAYS_SEARCH_USER_PATHS = NO;
				CLANG_ANALYZER_NONNULL = YES;
				CLANG_ANALYZER_NUMBER_OBJECT_CONVERSION = YES_AGGRESSIVE;
				CLANG_CXX_LANGUAGE_STANDARD = "gnu++17";
				CLANG_CXX_LIBRARY = "libc++";
				CLANG_ENABLE_MODULES = YES;
				CLANG_ENABLE_OBJC_ARC = YES;
				CLANG_ENABLE_OBJC_WEAK = YES;
				CLANG_WARN_BLOCK_CAPTURE_AUTORELEASING = YES;
				CLANG_WARN_BOOL_CONVERSION = YES;
				CLANG_WARN_COMMA = YES;
				CLANG_WARN_CONSTANT_CONVERSION = YES;
				CLANG_WARN_DEPRECATED_OBJC_IMPLEMENTATIONS = YES;
				CLANG_WARN_DIRECT_OBJC_ISA_USAGE = YES_ERROR;
				CLANG_WARN_DOCUMENTATION_COMMENTS = YES;
				CLANG_WARN_EMPTY_BODY = YES;
				CLANG_WARN_ENUM_CONVERSION = YES;
				CLANG_WARN_INFINITE_RECURSION = YES;
				CLANG_WARN_INT_CONVERSION = YES;
				CLANG_WARN_NON_LITERAL_NULL_CONVERSION = YES;
				CLANG_WARN_OBJC_IMPLICIT_RETAIN_SELF = YES;
				CLANG_WARN_OBJC_LITERAL_CONVERSION = YES;
				CLANG_WARN_OBJC_ROOT_CLASS = YES_ERROR;
				CLANG_WARN_QUOTED_INCLUDE_IN_FRAMEWORK_HEADER = YES;
				CLANG_WARN_RANGE_LOOP_ANALYSIS = YES;
				CLANG_WARN_STRICT_PROTOTYPES = YES;
				CLANG_WARN_SUSPICIOUS_MOVE = YES;
				CLANG_WARN_UNGUARDED_AVAILABILITY = YES_AGGRESSIVE;
				CLANG_WARN_UNREACHABLE_CODE = YES;
				CLANG_WARN__DUPLICATE_METHOD_MATCH = YES;
				COPY_PHASE_STRIP = NO;
				DEBUG_INFORMATION_FORMAT = "dwarf-with-dsym";
				ENABLE_NS_ASSERTIONS = NO;
				ENABLE_STRICT_OBJC_MSGSEND = YES;
				GCC_C_LANGUAGE_STANDARD = gnu11;
				GCC_NO_COMMON_BLOCKS = YES;
				GCC_WARN_64_TO_32_BIT_CONVERSION = YES;
				GCC_WARN_ABOUT_RETURN_TYPE = YES_ERROR;
				GCC_WARN_UNDECLARED_SELECTOR = YES;
				GCC_WARN_UNINITIALIZED_AUTOS = YES_AGGRESSIVE;
				GCC_WARN_UNUSED_FUNCTION = YES;
				GCC_WARN_UNUSED_VARIABLE = YES;
				IPHONEOS_DEPLOYMENT_TARGET = 15.0;
				MTL_ENABLE_DEBUG_INFO = NO;
				MTL_FAST_MATH = YES;
				SDKROOT = iphoneos;
				SWIFT_COMPILATION_MODE = wholemodule;
				SWIFT_OPTIMIZATION_LEVEL = "-O";
				VALIDATE_PRODUCT = YES;
			};
			name = Release;
		};
		AEE6824E273181750007A326 /* Debug */ = {
			isa = XCBuildConfiguration;
			buildSettings = {
				ASSETCATALOG_COMPILER_APPICON_NAME = AppIcon;
				ASSETCATALOG_COMPILER_GLOBAL_ACCENT_COLOR_NAME = AccentColor;
				CODE_SIGN_STYLE = Automatic;
				CURRENT_PROJECT_VERSION = 1;
				DEVELOPMENT_ASSET_PATHS = "\"Medario/Preview Content\"";
				DEVELOPMENT_TEAM = NU22B7N439;
				ENABLE_PREVIEWS = YES;
				GENERATE_INFOPLIST_FILE = YES;
				INFOPLIST_KEY_UIApplicationSceneManifest_Generation = YES;
				INFOPLIST_KEY_UIApplicationSupportsIndirectInputEvents = YES;
				INFOPLIST_KEY_UILaunchScreen_Generation = YES;
				INFOPLIST_KEY_UISupportedInterfaceOrientations_iPad = "UIInterfaceOrientationPortrait UIInterfaceOrientationPortraitUpsideDown UIInterfaceOrientationLandscapeLeft UIInterfaceOrientationLandscapeRight";
				INFOPLIST_KEY_UISupportedInterfaceOrientations_iPhone = "UIInterfaceOrientationPortrait UIInterfaceOrientationLandscapeLeft UIInterfaceOrientationLandscapeRight";
				LD_RUNPATH_SEARCH_PATHS = (
					"$(inherited)",
					"@executable_path/Frameworks",
				);
				MARKETING_VERSION = 1.0;
				PRODUCT_BUNDLE_IDENTIFIER = com.finalproject.Medario;
				PRODUCT_NAME = "$(TARGET_NAME)";
				SWIFT_EMIT_LOC_STRINGS = YES;
				SWIFT_VERSION = 5.0;
				TARGETED_DEVICE_FAMILY = "1,2";
			};
			name = Debug;
		};
		AEE6824F273181750007A326 /* Release */ = {
			isa = XCBuildConfiguration;
			buildSettings = {
				ASSETCATALOG_COMPILER_APPICON_NAME = AppIcon;
				ASSETCATALOG_COMPILER_GLOBAL_ACCENT_COLOR_NAME = AccentColor;
				CODE_SIGN_STYLE = Automatic;
				CURRENT_PROJECT_VERSION = 1;
				DEVELOPMENT_ASSET_PATHS = "\"Medario/Preview Content\"";
				DEVELOPMENT_TEAM = NU22B7N439;
				ENABLE_PREVIEWS = YES;
				GENERATE_INFOPLIST_FILE = YES;
				INFOPLIST_KEY_UIApplicationSceneManifest_Generation = YES;
				INFOPLIST_KEY_UIApplicationSupportsIndirectInputEvents = YES;
				INFOPLIST_KEY_UILaunchScreen_Generation = YES;
				INFOPLIST_KEY_UISupportedInterfaceOrientations_iPad = "UIInterfaceOrientationPortrait UIInterfaceOrientationPortraitUpsideDown UIInterfaceOrientationLandscapeLeft UIInterfaceOrientationLandscapeRight";
				INFOPLIST_KEY_UISupportedInterfaceOrientations_iPhone = "UIInterfaceOrientationPortrait UIInterfaceOrientationLandscapeLeft UIInterfaceOrientationLandscapeRight";
				LD_RUNPATH_SEARCH_PATHS = (
					"$(inherited)",
					"@executable_path/Frameworks",
				);
				MARKETING_VERSION = 1.0;
				PRODUCT_BUNDLE_IDENTIFIER = com.finalproject.Medario;
				PRODUCT_NAME = "$(TARGET_NAME)";
				SWIFT_EMIT_LOC_STRINGS = YES;
				SWIFT_VERSION = 5.0;
				TARGETED_DEVICE_FAMILY = "1,2";
			};
			name = Release;
		};
/* End XCBuildConfiguration section */

/* Begin XCConfigurationList section */
		AEE6823A273181730007A326 /* Build configuration list for PBXProject "Medario" */ = {
			isa = XCConfigurationList;
			buildConfigurations = (
				AEE6824B273181750007A326 /* Debug */,
				AEE6824C273181750007A326 /* Release */,
			);
			defaultConfigurationIsVisible = 0;
			defaultConfigurationName = Release;
		};
		AEE6824D273181750007A326 /* Build configuration list for PBXNativeTarget "Medario" */ = {
			isa = XCConfigurationList;
			buildConfigurations = (
				AEE6824E273181750007A326 /* Debug */,
				AEE6824F273181750007A326 /* Release */,
			);
			defaultConfigurationIsVisible = 0;
			defaultConfigurationName = Release;
		};
/* End XCConfigurationList section */
	};
	rootObject = AEE68237273181730007A326 /* Project object */;
}
